{
  "nodes": {
    "flake-schemas": {
      "locked": {
        "lastModified": 1761577921,
        "narHash": "sha256-eK3/xbUOrxp9fFlei09XNjqcdiHXxndzrTXp7jFpOk8=",
        "rev": "47849c7625e223d36766968cc6dc23ba0e135922",
        "revCount": 107,
        "type": "tarball",
        "url": "https://api.flakehub.com/f/pinned/DeterminateSystems/flake-schemas/0.2.0/019a4a84-544d-7c59-b26d-e334e320c932/source.tar.gz"
      },
      "original": {
        "type": "tarball",
        "url": "https://flakehub.com/f/DeterminateSystems/flake-schemas/%2A.tar.gz"
      }
    },
    "nixpkgs": {
      "locked": {
        "lastModified": 1769900590,
        "narHash": "sha256-I7Lmgj3owOTBGuauy9FL6qdpeK2umDoe07lM4V+PnyA=",
        "rev": "41e216c0ca66c83b12ab7a98cc326b5db01db646",
        "revCount": 906892,
        "type": "tarball",
        "url": "https://api.flakehub.com/f/pinned/NixOS/nixpkgs/0.2511.906892%2Brev-41e216c0ca66c83b12ab7a98cc326b5db01db646/019c1cea-d2ad-704a-a852-162a37608034/source.tar.gz"
      },
      "original": {
        "type": "tarball",
        "url": "https://flakehub.com/f/NixOS/nixpkgs/%2A.tar.gz"
      }
    },
    "root": {
      "inputs": {
        "flake-schemas": "flake-schemas",
        "nixpkgs": "nixpkgs"
      }
    }
  },
  "root": "root",
  "version": 7
}
